
Microsoft Visual Studio Solution File, Format Version 10.00
# Visual Studio 2008
Project("{FAE04EC0-301F-11D3-BF4B-00C04F79EFBC}") = "SharpMod.Win", "SharpMod.Win\SharpMod.Win.csproj", "{AC98CBA6-B2DA-402C-8C4E-777072BAE569}"
EndProject
Project("{FAE04EC0-301F-11D3-BF4B-00C04F79EFBC}") = "SharpMod.Win.CommandLine.Demo", "SharpMod.Win.CommandLine.Demo\SharpMod.Win.CommandLine.Demo.csproj", "{478B570E-398F-459B-AE2B-CBBE8FC0A7DF}"
EndProject
Project("{FAE04EC0-301F-11D3-BF4B-00C04F79EFBC}") = "SharpMod.Win.Forms.Demo", "SharpMod.Win.Forms.Demo\SharpMod.Win.Forms.Demo.csproj", "{F2A8BDDB-58EF-41CB-9325-5EBB3DCAD7A7}"
EndProject
Project("{FAE04EC0-301F-11D3-BF4B-00C04F79EFBC}") = "SharpMod.SilverLight", "SharpMod.SilverLight\SharpMod.SilverLight.csproj", "{0281A8AE-5205-4888-B6BE-B06A64564B97}"
EndProject
Project("{FAE04EC0-301F-11D3-BF4B-00C04F79EFBC}") = "SharpMod.SilverLight.Demo", "SharpMod.SilverLight.Demo\SharpMod.SilverLight.Demo.csproj", "{EE4D9762-1BC8-4519-BCDD-64B9168B9E14}"
EndProject
Project("{FAE04EC0-301F-11D3-BF4B-00C04F79EFBC}") = "SharpMod.SilverLight.Demo.Web", "SharpMod.SilverLight.Demo.Web\SharpMod.SilverLight.Demo.Web.csproj", "{C6CB287A-7AE9-4679-AA4B-6F6058E6E149}"
EndProject
Project("{FAE04EC0-301F-11D3-BF4B-00C04F79EFBC}") = "SharpMod.Win.UI", "SharpMod.Win.UI\SharpMod.Win.UI.csproj", "{B623860D-BC26-456C-9C2F-CF61B183E42C}"
EndProject
Project("{FAE04EC0-301F-11D3-BF4B-00C04F79EFBC}") = "SharpMod.Core", "SharpMod.Core\SharpMod.Core.csproj", "{2D9ED280-A4B6-40BA-9409-0C89037E4902}"
EndProject
Project("{FAE04EC0-301F-11D3-BF4B-00C04F79EFBC}") = "SharpMod.SilverLight.UI", "SharpMod.SilverLight.UI\SharpMod.SilverLight.UI.csproj", "{B14BF62D-8997-408F-9C4F-3C144FB1CBA9}"
EndProject
Project("{54435603-DBB4-11D2-8724-00A0C9A8B90C}") = "SharpMod.Setup", "SharpMod.Setup\SharpMod.Setup.vdproj", "{6E532563-CCB9-49B9-B486-BE17B9C2B3F2}"
EndProject
Project("{FAE04EC0-301F-11D3-BF4B-00C04F79EFBC}") = "SharpMod.Setup.Utils", "SharpMod.Setup.Utils\SharpMod.Setup.Utils.csproj", "{3C24CB14-4914-48E5-8BFD-F8B335C8BFFB}"
EndProject
Global
	GlobalSection(SolutionConfigurationPlatforms) = preSolution
		Debug|Any CPU = Debug|Any CPU
		Release|Any CPU = Release|Any CPU
	EndGlobalSection
	GlobalSection(ProjectConfigurationPlatforms) = postSolution
		{AC98CBA6-B2DA-402C-8C4E-777072BAE569}.Debug|Any CPU.ActiveCfg = Debug|Any CPU
		{AC98CBA6-B2DA-402C-8C4E-777072BAE569}.Debug|Any CPU.Build.0 = Debug|Any CPU
		{AC98CBA6-B2DA-402C-8C4E-777072BAE569}.Release|Any CPU.ActiveCfg = Release|Any CPU
		{AC98CBA6-B2DA-402C-8C4E-777072BAE569}.Release|Any CPU.Build.0 = Release|Any CPU
		{478B570E-398F-459B-AE2B-CBBE8FC0A7DF}.Debug|Any CPU.ActiveCfg = Debug|Any CPU
		{478B570E-398F-459B-AE2B-CBBE8FC0A7DF}.Debug|Any CPU.Build.0 = Debug|Any CPU
		{478B570E-398F-459B-AE2B-CBBE8FC0A7DF}.Release|Any CPU.ActiveCfg = Release|Any CPU
		{478B570E-398F-459B-AE2B-CBBE8FC0A7DF}.Release|Any CPU.Build.0 = Release|Any CPU
		{F2A8BDDB-58EF-41CB-9325-5EBB3DCAD7A7}.Debug|Any CPU.ActiveCfg = Debug|Any CPU
		{F2A8BDDB-58EF-41CB-9325-5EBB3DCAD7A7}.Debug|Any CPU.Build.0 = Debug|Any CPU
		{F2A8BDDB-58EF-41CB-9325-5EBB3DCAD7A7}.Release|Any CPU.ActiveCfg = Release|Any CPU
		{F2A8BDDB-58EF-41CB-9325-5EBB3DCAD7A7}.Release|Any CPU.Build.0 = Release|Any CPU
		{0281A8AE-5205-4888-B6BE-B06A64564B97}.Debug|Any CPU.ActiveCfg = Debug|Any CPU
		{0281A8AE-5205-4888-B6BE-B06A64564B97}.Debug|Any CPU.Build.0 = Debug|Any CPU
		{0281A8AE-5205-4888-B6BE-B06A64564B97}.Release|Any CPU.ActiveCfg = Release|Any CPU
		{0281A8AE-5205-4888-B6BE-B06A64564B97}.Release|Any CPU.Build.0 = Release|Any CPU
		{EE4D9762-1BC8-4519-BCDD-64B9168B9E14}.Debug|Any CPU.ActiveCfg = Debug|Any CPU
		{EE4D9762-1BC8-4519-BCDD-64B9168B9E14}.Debug|Any CPU.Build.0 = Debug|Any CPU
		{EE4D9762-1BC8-4519-BCDD-64B9168B9E14}.Release|Any CPU.ActiveCfg = Release|Any CPU
		{EE4D9762-1BC8-4519-BCDD-64B9168B9E14}.Release|Any CPU.Build.0 = Release|Any CPU
		{C6CB287A-7AE9-4679-AA4B-6F6058E6E149}.Debug|Any CPU.ActiveCfg = Debug|Any CPU
		{C6CB287A-7AE9-4679-AA4B-6F6058E6E149}.Debug|Any CPU.Build.0 = Debug|Any CPU
		{C6CB287A-7AE9-4679-AA4B-6F6058E6E149}.Release|Any CPU.ActiveCfg = Release|Any CPU
		{C6CB287A-7AE9-4679-AA4B-6F6058E6E149}.Release|Any CPU.Build.0 = Release|Any CPU
		{B623860D-BC26-456C-9C2F-CF61B183E42C}.Debug|Any CPU.ActiveCfg = Debug|Any CPU
		{B623860D-BC26-456C-9C2F-CF61B183E42C}.Debug|Any CPU.Build.0 = Debug|Any CPU
		{B623860D-BC26-456C-9C2F-CF61B183E42C}.Release|Any CPU.ActiveCfg = Release|Any CPU
		{B623860D-BC26-456C-9C2F-CF61B183E42C}.Release|Any CPU.Build.0 = Release|Any CPU
		{2D9ED280-A4B6-40BA-9409-0C89037E4902}.Debug|Any CPU.ActiveCfg = Debug|Any CPU
		{2D9ED280-A4B6-40BA-9409-0C89037E4902}.Release|Any CPU.ActiveCfg = Release|Any CPU
		{B14BF62D-8997-408F-9C4F-3C144FB1CBA9}.Debug|Any CPU.ActiveCfg = Debug|Any CPU
		{B14BF62D-8997-408F-9C4F-3C144FB1CBA9}.Debug|Any CPU.Build.0 = Debug|Any CPU
		{B14BF62D-8997-408F-9C4F-3C144FB1CBA9}.Release|Any CPU.ActiveCfg = Release|Any CPU
		{B14BF62D-8997-408F-9C4F-3C144FB1CBA9}.Release|Any CPU.Build.0 = Release|Any CPU
		{6E532563-CCB9-49B9-B486-BE17B9C2B3F2}.Debug|Any CPU.ActiveCfg = Debug
		{6E532563-CCB9-49B9-B486-BE17B9C2B3F2}.Release|Any CPU.ActiveCfg = Release
		{3C24CB14-4914-48E5-8BFD-F8B335C8BFFB}.Debug|Any CPU.ActiveCfg = Debug|Any CPU
		{3C24CB14-4914-48E5-8BFD-F8B335C8BFFB}.Debug|Any CPU.Build.0 = Debug|Any CPU
		{3C24CB14-4914-48E5-8BFD-F8B335C8BFFB}.Release|Any CPU.ActiveCfg = Release|Any CPU
		{3C24CB14-4914-48E5-8BFD-F8B335C8BFFB}.Release|Any CPU.Build.0 = Release|Any CPU
	EndGlobalSection
	GlobalSection(SolutionProperties) = preSolution
		HideSolutionNode = FALSE
	EndGlobalSection
EndGlobal
