
Microsoft Visual Studio Solution File, Format Version 12.00
# Visual Studio 15
VisualStudioVersion = 15.0.26430.6
MinimumVisualStudioVersion = 10.0.40219.1
Project("{2150E333-8FDC-42A3-9474-1A3956D46DE8}") = "Windows", "Windows", "{413F86C2-FFAE-4350-9620-CF11B08AE760}"
EndProject
Project("{FAE04EC0-301F-11D3-BF4B-00C04F79EFBC}") = "SharpMod.Win", "SharpMod.Win\SharpMod.Win.csproj", "{AC98CBA6-B2DA-402C-8C4E-777072BAE569}"
EndProject
Project("{FAE04EC0-301F-11D3-BF4B-00C04F79EFBC}") = "SharpMod.Win.CommandLine.Demo", "SharpMod.Win.CommandLine.Demo\SharpMod.Win.CommandLine.Demo.csproj", "{478B570E-398F-459B-AE2B-CBBE8FC0A7DF}"
EndProject
Project("{FAE04EC0-301F-11D3-BF4B-00C04F79EFBC}") = "SharpMod.Win.Forms.Demo", "SharpMod.Win.Forms.Demo\SharpMod.Win.Forms.Demo.csproj", "{F2A8BDDB-58EF-41CB-9325-5EBB3DCAD7A7}"
EndProject
Project("{FAE04EC0-301F-11D3-BF4B-00C04F79EFBC}") = "SharpMod.Win.UI", "SharpMod.Win.UI\SharpMod.Win.UI.csproj", "{B623860D-BC26-456C-9C2F-CF61B183E42C}"
EndProject
Project("{FAE04EC0-301F-11D3-BF4B-00C04F79EFBC}") = "SharpMod.Core", "SharpMod.Core\SharpMod.Core.csproj", "{2D9ED280-A4B6-40BA-9409-0C89037E4902}"
EndProject
Global
	GlobalSection(SolutionConfigurationPlatforms) = preSolution
		Debug|Any CPU = Debug|Any CPU
		Debug|Mixed Platforms = Debug|Mixed Platforms
		Debug|Windows Phone = Debug|Windows Phone
		Debug|x86 = Debug|x86
		Debug|Xbox 360 = Debug|Xbox 360
		Release|Any CPU = Release|Any CPU
		Release|Mixed Platforms = Release|Mixed Platforms
		Release|Windows Phone = Release|Windows Phone
		Release|x86 = Release|x86
		Release|Xbox 360 = Release|Xbox 360
	EndGlobalSection
	GlobalSection(ProjectConfigurationPlatforms) = postSolution
		{AC98CBA6-B2DA-402C-8C4E-777072BAE569}.Debug|Any CPU.ActiveCfg = Debug|Any CPU
		{AC98CBA6-B2DA-402C-8C4E-777072BAE569}.Debug|Any CPU.Build.0 = Debug|Any CPU
		{AC98CBA6-B2DA-402C-8C4E-777072BAE569}.Debug|Mixed Platforms.ActiveCfg = Debug|Any CPU
		{AC98CBA6-B2DA-402C-8C4E-777072BAE569}.Debug|Mixed Platforms.Build.0 = Debug|Any CPU
		{AC98CBA6-B2DA-402C-8C4E-777072BAE569}.Debug|Windows Phone.ActiveCfg = Debug|Any CPU
		{AC98CBA6-B2DA-402C-8C4E-777072BAE569}.Debug|x86.ActiveCfg = Debug|Any CPU
		{AC98CBA6-B2DA-402C-8C4E-777072BAE569}.Debug|Xbox 360.ActiveCfg = Debug|Any CPU
		{AC98CBA6-B2DA-402C-8C4E-777072BAE569}.Release|Any CPU.ActiveCfg = Release|Any CPU
		{AC98CBA6-B2DA-402C-8C4E-777072BAE569}.Release|Any CPU.Build.0 = Release|Any CPU
		{AC98CBA6-B2DA-402C-8C4E-777072BAE569}.Release|Mixed Platforms.ActiveCfg = Release|Any CPU
		{AC98CBA6-B2DA-402C-8C4E-777072BAE569}.Release|Mixed Platforms.Build.0 = Release|Any CPU
		{AC98CBA6-B2DA-402C-8C4E-777072BAE569}.Release|Windows Phone.ActiveCfg = Release|Any CPU
		{AC98CBA6-B2DA-402C-8C4E-777072BAE569}.Release|x86.ActiveCfg = Release|Any CPU
		{AC98CBA6-B2DA-402C-8C4E-777072BAE569}.Release|Xbox 360.ActiveCfg = Release|Any CPU
		{478B570E-398F-459B-AE2B-CBBE8FC0A7DF}.Debug|Any CPU.ActiveCfg = Debug|Any CPU
		{478B570E-398F-459B-AE2B-CBBE8FC0A7DF}.Debug|Any CPU.Build.0 = Debug|Any CPU
		{478B570E-398F-459B-AE2B-CBBE8FC0A7DF}.Debug|Mixed Platforms.ActiveCfg = Debug|Any CPU
		{478B570E-398F-459B-AE2B-CBBE8FC0A7DF}.Debug|Mixed Platforms.Build.0 = Debug|Any CPU
		{478B570E-398F-459B-AE2B-CBBE8FC0A7DF}.Debug|Windows Phone.ActiveCfg = Debug|Any CPU
		{478B570E-398F-459B-AE2B-CBBE8FC0A7DF}.Debug|x86.ActiveCfg = Debug|Any CPU
		{478B570E-398F-459B-AE2B-CBBE8FC0A7DF}.Debug|Xbox 360.ActiveCfg = Debug|Any CPU
		{478B570E-398F-459B-AE2B-CBBE8FC0A7DF}.Release|Any CPU.ActiveCfg = Release|Any CPU
		{478B570E-398F-459B-AE2B-CBBE8FC0A7DF}.Release|Any CPU.Build.0 = Release|Any CPU
		{478B570E-398F-459B-AE2B-CBBE8FC0A7DF}.Release|Mixed Platforms.ActiveCfg = Release|Any CPU
		{478B570E-398F-459B-AE2B-CBBE8FC0A7DF}.Release|Mixed Platforms.Build.0 = Release|Any CPU
		{478B570E-398F-459B-AE2B-CBBE8FC0A7DF}.Release|Windows Phone.ActiveCfg = Release|Any CPU
		{478B570E-398F-459B-AE2B-CBBE8FC0A7DF}.Release|x86.ActiveCfg = Release|Any CPU
		{478B570E-398F-459B-AE2B-CBBE8FC0A7DF}.Release|Xbox 360.ActiveCfg = Release|Any CPU
		{F2A8BDDB-58EF-41CB-9325-5EBB3DCAD7A7}.Debug|Any CPU.ActiveCfg = Debug|Any CPU
		{F2A8BDDB-58EF-41CB-9325-5EBB3DCAD7A7}.Debug|Any CPU.Build.0 = Debug|Any CPU
		{F2A8BDDB-58EF-41CB-9325-5EBB3DCAD7A7}.Debug|Mixed Platforms.ActiveCfg = Debug|Any CPU
		{F2A8BDDB-58EF-41CB-9325-5EBB3DCAD7A7}.Debug|Mixed Platforms.Build.0 = Debug|Any CPU
		{F2A8BDDB-58EF-41CB-9325-5EBB3DCAD7A7}.Debug|Windows Phone.ActiveCfg = Debug|Any CPU
		{F2A8BDDB-58EF-41CB-9325-5EBB3DCAD7A7}.Debug|x86.ActiveCfg = Debug|Any CPU
		{F2A8BDDB-58EF-41CB-9325-5EBB3DCAD7A7}.Debug|Xbox 360.ActiveCfg = Debug|Any CPU
		{F2A8BDDB-58EF-41CB-9325-5EBB3DCAD7A7}.Release|Any CPU.ActiveCfg = Release|Any CPU
		{F2A8BDDB-58EF-41CB-9325-5EBB3DCAD7A7}.Release|Any CPU.Build.0 = Release|Any CPU
		{F2A8BDDB-58EF-41CB-9325-5EBB3DCAD7A7}.Release|Mixed Platforms.ActiveCfg = Release|Any CPU
		{F2A8BDDB-58EF-41CB-9325-5EBB3DCAD7A7}.Release|Mixed Platforms.Build.0 = Release|Any CPU
		{F2A8BDDB-58EF-41CB-9325-5EBB3DCAD7A7}.Release|Windows Phone.ActiveCfg = Release|Any CPU
		{F2A8BDDB-58EF-41CB-9325-5EBB3DCAD7A7}.Release|x86.ActiveCfg = Release|Any CPU
		{F2A8BDDB-58EF-41CB-9325-5EBB3DCAD7A7}.Release|Xbox 360.ActiveCfg = Release|Any CPU
		{B623860D-BC26-456C-9C2F-CF61B183E42C}.Debug|Any CPU.ActiveCfg = Debug|Any CPU
		{B623860D-BC26-456C-9C2F-CF61B183E42C}.Debug|Any CPU.Build.0 = Debug|Any CPU
		{B623860D-BC26-456C-9C2F-CF61B183E42C}.Debug|Mixed Platforms.ActiveCfg = Debug|Any CPU
		{B623860D-BC26-456C-9C2F-CF61B183E42C}.Debug|Mixed Platforms.Build.0 = Debug|Any CPU
		{B623860D-BC26-456C-9C2F-CF61B183E42C}.Debug|Windows Phone.ActiveCfg = Debug|Any CPU
		{B623860D-BC26-456C-9C2F-CF61B183E42C}.Debug|x86.ActiveCfg = Debug|Any CPU
		{B623860D-BC26-456C-9C2F-CF61B183E42C}.Debug|Xbox 360.ActiveCfg = Debug|Any CPU
		{B623860D-BC26-456C-9C2F-CF61B183E42C}.Release|Any CPU.ActiveCfg = Release|Any CPU
		{B623860D-BC26-456C-9C2F-CF61B183E42C}.Release|Any CPU.Build.0 = Release|Any CPU
		{B623860D-BC26-456C-9C2F-CF61B183E42C}.Release|Mixed Platforms.ActiveCfg = Release|Any CPU
		{B623860D-BC26-456C-9C2F-CF61B183E42C}.Release|Mixed Platforms.Build.0 = Release|Any CPU
		{B623860D-BC26-456C-9C2F-CF61B183E42C}.Release|Windows Phone.ActiveCfg = Release|Any CPU
		{B623860D-BC26-456C-9C2F-CF61B183E42C}.Release|x86.ActiveCfg = Release|Any CPU
		{B623860D-BC26-456C-9C2F-CF61B183E42C}.Release|Xbox 360.ActiveCfg = Release|Any CPU
		{2D9ED280-A4B6-40BA-9409-0C89037E4902}.Debug|Any CPU.ActiveCfg = Debug|Any CPU
		{2D9ED280-A4B6-40BA-9409-0C89037E4902}.Debug|Mixed Platforms.ActiveCfg = Debug|Any CPU
		{2D9ED280-A4B6-40BA-9409-0C89037E4902}.Debug|Mixed Platforms.Build.0 = Debug|Any CPU
		{2D9ED280-A4B6-40BA-9409-0C89037E4902}.Debug|Windows Phone.ActiveCfg = Debug|Any CPU
		{2D9ED280-A4B6-40BA-9409-0C89037E4902}.Debug|x86.ActiveCfg = Debug|Any CPU
		{2D9ED280-A4B6-40BA-9409-0C89037E4902}.Debug|Xbox 360.ActiveCfg = Debug|Any CPU
		{2D9ED280-A4B6-40BA-9409-0C89037E4902}.Release|Any CPU.ActiveCfg = Release|Any CPU
		{2D9ED280-A4B6-40BA-9409-0C89037E4902}.Release|Mixed Platforms.ActiveCfg = Release|Any CPU
		{2D9ED280-A4B6-40BA-9409-0C89037E4902}.Release|Mixed Platforms.Build.0 = Release|Any CPU
		{2D9ED280-A4B6-40BA-9409-0C89037E4902}.Release|Windows Phone.ActiveCfg = Release|Any CPU
		{2D9ED280-A4B6-40BA-9409-0C89037E4902}.Release|x86.ActiveCfg = Release|Any CPU
		{2D9ED280-A4B6-40BA-9409-0C89037E4902}.Release|Xbox 360.ActiveCfg = Release|Any CPU
	EndGlobalSection
	GlobalSection(SolutionProperties) = preSolution
		HideSolutionNode = FALSE
	EndGlobalSection
	GlobalSection(NestedProjects) = preSolution
		{AC98CBA6-B2DA-402C-8C4E-777072BAE569} = {413F86C2-FFAE-4350-9620-CF11B08AE760}
		{478B570E-398F-459B-AE2B-CBBE8FC0A7DF} = {413F86C2-FFAE-4350-9620-CF11B08AE760}
		{F2A8BDDB-58EF-41CB-9325-5EBB3DCAD7A7} = {413F86C2-FFAE-4350-9620-CF11B08AE760}
		{B623860D-BC26-456C-9C2F-CF61B183E42C} = {413F86C2-FFAE-4350-9620-CF11B08AE760}
	EndGlobalSection
EndGlobal
