
Microsoft Visual Studio Solution File, Format Version 11.00
# Visual Studio 2010
Project("{FAE04EC0-301F-11D3-BF4B-00C04F79EFBC}") = "SharpMod.Win_VS2010", "SharpMod.Win\SharpMod.Win_VS2010.csproj", "{AC98CBA6-B2DA-402C-8C4E-777072BAE569}"
EndProject
Project("{FAE04EC0-301F-11D3-BF4B-00C04F79EFBC}") = "SharpMod.Win.CommandLine.Demo_VS2010", "SharpMod.Win.CommandLine.Demo\SharpMod.Win.CommandLine.Demo_VS2010.csproj", "{478B570E-398F-459B-AE2B-CBBE8FC0A7DF}"
EndProject
Project("{FAE04EC0-301F-11D3-BF4B-00C04F79EFBC}") = "SharpMod.Win.Forms.Demo_VS2010", "SharpMod.Win.Forms.Demo\SharpMod.Win.Forms.Demo_VS2010.csproj", "{F2A8BDDB-58EF-41CB-9325-5EBB3DCAD7A7}"
EndProject
Project("{FAE04EC0-301F-11D3-BF4B-00C04F79EFBC}") = "SharpMod.SilverLight_VS2010", "SharpMod.SilverLight\SharpMod.SilverLight_VS2010.csproj", "{0281A8AE-5205-4888-B6BE-B06A64564B97}"
EndProject
Project("{FAE04EC0-301F-11D3-BF4B-00C04F79EFBC}") = "SharpMod.SilverLight.Demo_VS2010", "SharpMod.SilverLight.Demo\SharpMod.SilverLight.Demo_VS2010.csproj", "{EE4D9762-1BC8-4519-BCDD-64B9168B9E14}"
EndProject
Project("{FAE04EC0-301F-11D3-BF4B-00C04F79EFBC}") = "SharpMod.SilverLight.Demo.Web_VS2010", "SharpMod.SilverLight.Demo.Web\SharpMod.SilverLight.Demo.Web_VS2010.csproj", "{C6CB287A-7AE9-4679-AA4B-6F6058E6E149}"
EndProject
Project("{FAE04EC0-301F-11D3-BF4B-00C04F79EFBC}") = "SharpMod.Win.UI_VS2010", "SharpMod.Win.UI\SharpMod.Win.UI_VS2010.csproj", "{B623860D-BC26-456C-9C2F-CF61B183E42C}"
EndProject
Project("{FAE04EC0-301F-11D3-BF4B-00C04F79EFBC}") = "SharpMod.Core_VS2010", "SharpMod.Core\SharpMod.Core_VS2010.csproj", "{2D9ED280-A4B6-40BA-9409-0C89037E4902}"
EndProject
Project("{FAE04EC0-301F-11D3-BF4B-00C04F79EFBC}") = "SharpMod.SilverLight.UI_VS2010", "SharpMod.SilverLight.UI\SharpMod.SilverLight.UI_VS2010.csproj", "{B14BF62D-8997-408F-9C4F-3C144FB1CBA9}"
EndProject
Project("{2150E333-8FDC-42A3-9474-1A3956D46DE8}") = "XNA", "XNA", "{DF0DF676-14FB-49FE-A122-B337233325D9}"
EndProject
Project("{2150E333-8FDC-42A3-9474-1A3956D46DE8}") = "SilverLight", "SilverLight", "{7D0E2542-C99A-4550-8D8E-03AA33BBC78B}"
EndProject
Project("{2150E333-8FDC-42A3-9474-1A3956D46DE8}") = "Windows", "Windows", "{413F86C2-FFAE-4350-9620-CF11B08AE760}"
EndProject
Project("{2150E333-8FDC-42A3-9474-1A3956D46DE8}") = "Xbox360", "Xbox360", "{9110E5F1-D3C2-47CB-95F9-EF500AFA5B97}"
EndProject
Project("{2150E333-8FDC-42A3-9474-1A3956D46DE8}") = "WindowsPhone7", "WindowsPhone7", "{F8C73559-6364-4300-B1DE-0C72E9478389}"
EndProject
Project("{2150E333-8FDC-42A3-9474-1A3956D46DE8}") = "Windows", "Windows", "{37500BC5-6233-496B-8625-1587A5ADA367}"
EndProject
Project("{FAE04EC0-301F-11D3-BF4B-00C04F79EFBC}") = "WindowsPhone 7 SharpMod.XNA_VS2010", "SharpMod.XNA\WindowsPhone 7 SharpMod.XNA_VS2010.csproj", "{8C9ECE83-EB30-42F6-9B73-8D0CD77DC8AE}"
EndProject
Project("{FAE04EC0-301F-11D3-BF4B-00C04F79EFBC}") = "WindowsPhone 7 SharpMod.XNA.Demo_VS2010", "SharpMod.XNA.Demo\SharpMod.XNA.Demo_VS2010\WindowsPhone 7 SharpMod.XNA.Demo_VS2010.csproj", "{50137903-4C83-4006-A960-72A7FC5E62F3}"
EndProject
Project("{FAE04EC0-301F-11D3-BF4B-00C04F79EFBC}") = "SharpMod.XNA.Demo_VS2010Content", "SharpMod.XNA.Demo\SharpMod.XNA.Demo_VS2010Content\SharpMod.XNA.Demo_VS2010Content.contentproj", "{ABA387D4-28A4-49D8-B9AE-CF1272B8BA28}"
EndProject
Project("{FAE04EC0-301F-11D3-BF4B-00C04F79EFBC}") = "Windows SharpMod.XNA.Demo_VS2010", "SharpMod.XNA.Demo\SharpMod.XNA.Demo_VS2010\Windows SharpMod.XNA.Demo_VS2010.csproj", "{3BE3FC3D-FCC2-45F5-BC44-FD5F1A1B188D}"
EndProject
Project("{FAE04EC0-301F-11D3-BF4B-00C04F79EFBC}") = "Windows SharpMod.XNA_VS2010", "SharpMod.XNA\Windows SharpMod.XNA_VS2010.csproj", "{EDEFDC62-4C48-4E66-8C60-810630E1C2BC}"
EndProject
Project("{FAE04EC0-301F-11D3-BF4B-00C04F79EFBC}") = "Xbox 360 SharpMod.XNA_VS2010", "SharpMod.XNA\Xbox 360 SharpMod.XNA_VS2010.csproj", "{2E888744-AE47-4A9C-89E5-43D237DF3D45}"
EndProject
Project("{FAE04EC0-301F-11D3-BF4B-00C04F79EFBC}") = "Xbox 360 SharpMod.XNA.Demo_VS2010", "SharpMod.XNA.Demo\SharpMod.XNA.Demo_VS2010\Xbox 360 SharpMod.XNA.Demo_VS2010.csproj", "{BEC3B05C-328F-4ACC-BD3D-368111DCBF75}"
EndProject
Global
	GlobalSection(TeamFoundationVersionControl) = preSolution
		SccNumberOfProjects = 17
		SccEnterpriseProvider = {4CA58AB2-18FA-4F8D-95D4-32DDF27D184C}
		SccTeamFoundationServer = https://tfs.codeplex.com/tfs/tfs31
		SccLocalPath0 = .
		SccProjectUniqueName1 = SharpMod.Win\\SharpMod.Win_VS2010.csproj
		SccProjectTopLevelParentUniqueName1 = SharpMod_VS2010.sln
		SccProjectName1 = SharpMod.Win
		SccLocalPath1 = SharpMod.Win
		SccProjectUniqueName2 = SharpMod.Win.CommandLine.Demo\\SharpMod.Win.CommandLine.Demo_VS2010.csproj
		SccProjectTopLevelParentUniqueName2 = SharpMod_VS2010.sln
		SccProjectName2 = SharpMod.Win.CommandLine.Demo
		SccLocalPath2 = SharpMod.Win.CommandLine.Demo
		SccProjectUniqueName3 = SharpMod.Win.Forms.Demo\\SharpMod.Win.Forms.Demo_VS2010.csproj
		SccProjectTopLevelParentUniqueName3 = SharpMod_VS2010.sln
		SccProjectName3 = SharpMod.Win.Forms.Demo
		SccLocalPath3 = SharpMod.Win.Forms.Demo
		SccProjectUniqueName4 = SharpMod.SilverLight\\SharpMod.SilverLight_VS2010.csproj
		SccProjectTopLevelParentUniqueName4 = SharpMod_VS2010.sln
		SccProjectName4 = SharpMod.SilverLight
		SccLocalPath4 = SharpMod.SilverLight
		SccProjectUniqueName5 = SharpMod.SilverLight.Demo\\SharpMod.SilverLight.Demo_VS2010.csproj
		SccProjectTopLevelParentUniqueName5 = SharpMod_VS2010.sln
		SccProjectName5 = SharpMod.SilverLight.Demo
		SccLocalPath5 = SharpMod.SilverLight.Demo
		SccProjectUniqueName6 = SharpMod.SilverLight.Demo.Web\\SharpMod.SilverLight.Demo.Web_VS2010.csproj
		SccProjectTopLevelParentUniqueName6 = SharpMod_VS2010.sln
		SccProjectName6 = SharpMod.SilverLight.Demo.Web
		SccLocalPath6 = SharpMod.SilverLight.Demo.Web
		SccProjectUniqueName7 = SharpMod.Win.UI\\SharpMod.Win.UI_VS2010.csproj
		SccProjectTopLevelParentUniqueName7 = SharpMod_VS2010.sln
		SccProjectName7 = SharpMod.Win.UI
		SccLocalPath7 = SharpMod.Win.UI
		SccProjectUniqueName8 = SharpMod.Core\\SharpMod.Core_VS2010.csproj
		SccProjectName8 = SharpMod.Core
		SccLocalPath8 = SharpMod.Core
		SccProjectUniqueName9 = SharpMod.SilverLight.UI\\SharpMod.SilverLight.UI_VS2010.csproj
		SccProjectTopLevelParentUniqueName9 = SharpMod_VS2010.sln
		SccProjectName9 = SharpMod.SilverLight.UI
		SccLocalPath9 = SharpMod.SilverLight.UI
		SccProjectUniqueName10 = SharpMod.XNA\\WindowsPhone\u00207\u0020SharpMod.XNA_VS2010.csproj
		SccProjectTopLevelParentUniqueName10 = SharpMod_VS2010.sln
		SccProjectName10 = SharpMod.XNA
		SccLocalPath10 = SharpMod.XNA
		SccProjectUniqueName11 = SharpMod.XNA.Demo\\SharpMod.XNA.Demo_VS2010\\WindowsPhone\u00207\u0020SharpMod.XNA.Demo_VS2010.csproj
		SccProjectTopLevelParentUniqueName11 = SharpMod_VS2010.sln
		SccProjectName11 = SharpMod.XNA.Demo/SharpMod.XNA.Demo_VS2010
		SccLocalPath11 = SharpMod.XNA.Demo\\SharpMod.XNA.Demo_VS2010
		SccProjectUniqueName12 = SharpMod.XNA.Demo\\SharpMod.XNA.Demo_VS2010Content\\SharpMod.XNA.Demo_VS2010Content.contentproj
		SccProjectTopLevelParentUniqueName12 = SharpMod_VS2010.sln
		SccProjectName12 = SharpMod.XNA.Demo/SharpMod.XNA.Demo_VS2010Content
		SccLocalPath12 = SharpMod.XNA.Demo\\SharpMod.XNA.Demo_VS2010Content
		SccProjectUniqueName13 = SharpMod.XNA.Demo\\SharpMod.XNA.Demo_VS2010\\Windows\u0020SharpMod.XNA.Demo_VS2010.csproj
		SccProjectTopLevelParentUniqueName13 = SharpMod_VS2010.sln
		SccProjectName13 = SharpMod.XNA.Demo/SharpMod.XNA.Demo_VS2010
		SccLocalPath13 = SharpMod.XNA.Demo\\SharpMod.XNA.Demo_VS2010
		SccProjectUniqueName14 = SharpMod.XNA\\Windows\u0020SharpMod.XNA_VS2010.csproj
		SccProjectTopLevelParentUniqueName14 = SharpMod_VS2010.sln
		SccProjectName14 = SharpMod.XNA
		SccLocalPath14 = SharpMod.XNA
		SccProjectUniqueName15 = SharpMod.XNA\\Xbox\u0020360\u0020SharpMod.XNA_VS2010.csproj
		SccProjectTopLevelParentUniqueName15 = SharpMod_VS2010.sln
		SccProjectName15 = SharpMod.XNA
		SccLocalPath15 = SharpMod.XNA
		SccProjectUniqueName16 = SharpMod.XNA.Demo\\SharpMod.XNA.Demo_VS2010\\Xbox\u0020360\u0020SharpMod.XNA.Demo_VS2010.csproj
		SccProjectTopLevelParentUniqueName16 = SharpMod_VS2010.sln
		SccProjectName16 = SharpMod.XNA.Demo/SharpMod.XNA.Demo_VS2010
		SccLocalPath16 = SharpMod.XNA.Demo\\SharpMod.XNA.Demo_VS2010
	EndGlobalSection
	GlobalSection(SolutionConfigurationPlatforms) = preSolution
		Debug|Any CPU = Debug|Any CPU
		Debug|Mixed Platforms = Debug|Mixed Platforms
		Debug|Windows Phone = Debug|Windows Phone
		Debug|x86 = Debug|x86
		Debug|Xbox 360 = Debug|Xbox 360
		Release|Any CPU = Release|Any CPU
		Release|Mixed Platforms = Release|Mixed Platforms
		Release|Windows Phone = Release|Windows Phone
		Release|x86 = Release|x86
		Release|Xbox 360 = Release|Xbox 360
	EndGlobalSection
	GlobalSection(ProjectConfigurationPlatforms) = postSolution
		{AC98CBA6-B2DA-402C-8C4E-777072BAE569}.Debug|Any CPU.ActiveCfg = Debug|Any CPU
		{AC98CBA6-B2DA-402C-8C4E-777072BAE569}.Debug|Any CPU.Build.0 = Debug|Any CPU
		{AC98CBA6-B2DA-402C-8C4E-777072BAE569}.Debug|Mixed Platforms.ActiveCfg = Debug|Any CPU
		{AC98CBA6-B2DA-402C-8C4E-777072BAE569}.Debug|Mixed Platforms.Build.0 = Debug|Any CPU
		{AC98CBA6-B2DA-402C-8C4E-777072BAE569}.Debug|Windows Phone.ActiveCfg = Debug|Any CPU
		{AC98CBA6-B2DA-402C-8C4E-777072BAE569}.Debug|x86.ActiveCfg = Debug|Any CPU
		{AC98CBA6-B2DA-402C-8C4E-777072BAE569}.Debug|Xbox 360.ActiveCfg = Debug|Any CPU
		{AC98CBA6-B2DA-402C-8C4E-777072BAE569}.Release|Any CPU.ActiveCfg = Release|Any CPU
		{AC98CBA6-B2DA-402C-8C4E-777072BAE569}.Release|Any CPU.Build.0 = Release|Any CPU
		{AC98CBA6-B2DA-402C-8C4E-777072BAE569}.Release|Mixed Platforms.ActiveCfg = Release|Any CPU
		{AC98CBA6-B2DA-402C-8C4E-777072BAE569}.Release|Mixed Platforms.Build.0 = Release|Any CPU
		{AC98CBA6-B2DA-402C-8C4E-777072BAE569}.Release|Windows Phone.ActiveCfg = Release|Any CPU
		{AC98CBA6-B2DA-402C-8C4E-777072BAE569}.Release|x86.ActiveCfg = Release|Any CPU
		{AC98CBA6-B2DA-402C-8C4E-777072BAE569}.Release|Xbox 360.ActiveCfg = Release|Any CPU
		{478B570E-398F-459B-AE2B-CBBE8FC0A7DF}.Debug|Any CPU.ActiveCfg = Debug|Any CPU
		{478B570E-398F-459B-AE2B-CBBE8FC0A7DF}.Debug|Any CPU.Build.0 = Debug|Any CPU
		{478B570E-398F-459B-AE2B-CBBE8FC0A7DF}.Debug|Mixed Platforms.ActiveCfg = Debug|Any CPU
		{478B570E-398F-459B-AE2B-CBBE8FC0A7DF}.Debug|Mixed Platforms.Build.0 = Debug|Any CPU
		{478B570E-398F-459B-AE2B-CBBE8FC0A7DF}.Debug|Windows Phone.ActiveCfg = Debug|Any CPU
		{478B570E-398F-459B-AE2B-CBBE8FC0A7DF}.Debug|x86.ActiveCfg = Debug|Any CPU
		{478B570E-398F-459B-AE2B-CBBE8FC0A7DF}.Debug|Xbox 360.ActiveCfg = Debug|Any CPU
		{478B570E-398F-459B-AE2B-CBBE8FC0A7DF}.Release|Any CPU.ActiveCfg = Release|Any CPU
		{478B570E-398F-459B-AE2B-CBBE8FC0A7DF}.Release|Any CPU.Build.0 = Release|Any CPU
		{478B570E-398F-459B-AE2B-CBBE8FC0A7DF}.Release|Mixed Platforms.ActiveCfg = Release|Any CPU
		{478B570E-398F-459B-AE2B-CBBE8FC0A7DF}.Release|Mixed Platforms.Build.0 = Release|Any CPU
		{478B570E-398F-459B-AE2B-CBBE8FC0A7DF}.Release|Windows Phone.ActiveCfg = Release|Any CPU
		{478B570E-398F-459B-AE2B-CBBE8FC0A7DF}.Release|x86.ActiveCfg = Release|Any CPU
		{478B570E-398F-459B-AE2B-CBBE8FC0A7DF}.Release|Xbox 360.ActiveCfg = Release|Any CPU
		{F2A8BDDB-58EF-41CB-9325-5EBB3DCAD7A7}.Debug|Any CPU.ActiveCfg = Debug|Any CPU
		{F2A8BDDB-58EF-41CB-9325-5EBB3DCAD7A7}.Debug|Any CPU.Build.0 = Debug|Any CPU
		{F2A8BDDB-58EF-41CB-9325-5EBB3DCAD7A7}.Debug|Mixed Platforms.ActiveCfg = Debug|Any CPU
		{F2A8BDDB-58EF-41CB-9325-5EBB3DCAD7A7}.Debug|Mixed Platforms.Build.0 = Debug|Any CPU
		{F2A8BDDB-58EF-41CB-9325-5EBB3DCAD7A7}.Debug|Windows Phone.ActiveCfg = Debug|Any CPU
		{F2A8BDDB-58EF-41CB-9325-5EBB3DCAD7A7}.Debug|x86.ActiveCfg = Debug|Any CPU
		{F2A8BDDB-58EF-41CB-9325-5EBB3DCAD7A7}.Debug|Xbox 360.ActiveCfg = Debug|Any CPU
		{F2A8BDDB-58EF-41CB-9325-5EBB3DCAD7A7}.Release|Any CPU.ActiveCfg = Release|Any CPU
		{F2A8BDDB-58EF-41CB-9325-5EBB3DCAD7A7}.Release|Any CPU.Build.0 = Release|Any CPU
		{F2A8BDDB-58EF-41CB-9325-5EBB3DCAD7A7}.Release|Mixed Platforms.ActiveCfg = Release|Any CPU
		{F2A8BDDB-58EF-41CB-9325-5EBB3DCAD7A7}.Release|Mixed Platforms.Build.0 = Release|Any CPU
		{F2A8BDDB-58EF-41CB-9325-5EBB3DCAD7A7}.Release|Windows Phone.ActiveCfg = Release|Any CPU
		{F2A8BDDB-58EF-41CB-9325-5EBB3DCAD7A7}.Release|x86.ActiveCfg = Release|Any CPU
		{F2A8BDDB-58EF-41CB-9325-5EBB3DCAD7A7}.Release|Xbox 360.ActiveCfg = Release|Any CPU
		{0281A8AE-5205-4888-B6BE-B06A64564B97}.Debug|Any CPU.ActiveCfg = Debug|Any CPU
		{0281A8AE-5205-4888-B6BE-B06A64564B97}.Debug|Any CPU.Build.0 = Debug|Any CPU
		{0281A8AE-5205-4888-B6BE-B06A64564B97}.Debug|Mixed Platforms.ActiveCfg = Debug|Any CPU
		{0281A8AE-5205-4888-B6BE-B06A64564B97}.Debug|Mixed Platforms.Build.0 = Debug|Any CPU
		{0281A8AE-5205-4888-B6BE-B06A64564B97}.Debug|Windows Phone.ActiveCfg = Debug|Any CPU
		{0281A8AE-5205-4888-B6BE-B06A64564B97}.Debug|x86.ActiveCfg = Debug|Any CPU
		{0281A8AE-5205-4888-B6BE-B06A64564B97}.Debug|Xbox 360.ActiveCfg = Debug|Any CPU
		{0281A8AE-5205-4888-B6BE-B06A64564B97}.Release|Any CPU.ActiveCfg = Release|Any CPU
		{0281A8AE-5205-4888-B6BE-B06A64564B97}.Release|Any CPU.Build.0 = Release|Any CPU
		{0281A8AE-5205-4888-B6BE-B06A64564B97}.Release|Mixed Platforms.ActiveCfg = Release|Any CPU
		{0281A8AE-5205-4888-B6BE-B06A64564B97}.Release|Mixed Platforms.Build.0 = Release|Any CPU
		{0281A8AE-5205-4888-B6BE-B06A64564B97}.Release|Windows Phone.ActiveCfg = Release|Any CPU
		{0281A8AE-5205-4888-B6BE-B06A64564B97}.Release|x86.ActiveCfg = Release|Any CPU
		{0281A8AE-5205-4888-B6BE-B06A64564B97}.Release|Xbox 360.ActiveCfg = Release|Any CPU
		{EE4D9762-1BC8-4519-BCDD-64B9168B9E14}.Debug|Any CPU.ActiveCfg = Debug|Any CPU
		{EE4D9762-1BC8-4519-BCDD-64B9168B9E14}.Debug|Any CPU.Build.0 = Debug|Any CPU
		{EE4D9762-1BC8-4519-BCDD-64B9168B9E14}.Debug|Mixed Platforms.ActiveCfg = Debug|Any CPU
		{EE4D9762-1BC8-4519-BCDD-64B9168B9E14}.Debug|Mixed Platforms.Build.0 = Debug|Any CPU
		{EE4D9762-1BC8-4519-BCDD-64B9168B9E14}.Debug|Windows Phone.ActiveCfg = Debug|Any CPU
		{EE4D9762-1BC8-4519-BCDD-64B9168B9E14}.Debug|x86.ActiveCfg = Debug|Any CPU
		{EE4D9762-1BC8-4519-BCDD-64B9168B9E14}.Debug|Xbox 360.ActiveCfg = Debug|Any CPU
		{EE4D9762-1BC8-4519-BCDD-64B9168B9E14}.Release|Any CPU.ActiveCfg = Release|Any CPU
		{EE4D9762-1BC8-4519-BCDD-64B9168B9E14}.Release|Any CPU.Build.0 = Release|Any CPU
		{EE4D9762-1BC8-4519-BCDD-64B9168B9E14}.Release|Mixed Platforms.ActiveCfg = Release|Any CPU
		{EE4D9762-1BC8-4519-BCDD-64B9168B9E14}.Release|Mixed Platforms.Build.0 = Release|Any CPU
		{EE4D9762-1BC8-4519-BCDD-64B9168B9E14}.Release|Windows Phone.ActiveCfg = Release|Any CPU
		{EE4D9762-1BC8-4519-BCDD-64B9168B9E14}.Release|x86.ActiveCfg = Release|Any CPU
		{EE4D9762-1BC8-4519-BCDD-64B9168B9E14}.Release|Xbox 360.ActiveCfg = Release|Any CPU
		{C6CB287A-7AE9-4679-AA4B-6F6058E6E149}.Debug|Any CPU.ActiveCfg = Debug|Any CPU
		{C6CB287A-7AE9-4679-AA4B-6F6058E6E149}.Debug|Any CPU.Build.0 = Debug|Any CPU
		{C6CB287A-7AE9-4679-AA4B-6F6058E6E149}.Debug|Mixed Platforms.ActiveCfg = Debug|Any CPU
		{C6CB287A-7AE9-4679-AA4B-6F6058E6E149}.Debug|Mixed Platforms.Build.0 = Debug|Any CPU
		{C6CB287A-7AE9-4679-AA4B-6F6058E6E149}.Debug|Windows Phone.ActiveCfg = Debug|Any CPU
		{C6CB287A-7AE9-4679-AA4B-6F6058E6E149}.Debug|x86.ActiveCfg = Debug|Any CPU
		{C6CB287A-7AE9-4679-AA4B-6F6058E6E149}.Debug|Xbox 360.ActiveCfg = Debug|Any CPU
		{C6CB287A-7AE9-4679-AA4B-6F6058E6E149}.Release|Any CPU.ActiveCfg = Release|Any CPU
		{C6CB287A-7AE9-4679-AA4B-6F6058E6E149}.Release|Any CPU.Build.0 = Release|Any CPU
		{C6CB287A-7AE9-4679-AA4B-6F6058E6E149}.Release|Mixed Platforms.ActiveCfg = Release|Any CPU
		{C6CB287A-7AE9-4679-AA4B-6F6058E6E149}.Release|Mixed Platforms.Build.0 = Release|Any CPU
		{C6CB287A-7AE9-4679-AA4B-6F6058E6E149}.Release|Windows Phone.ActiveCfg = Release|Any CPU
		{C6CB287A-7AE9-4679-AA4B-6F6058E6E149}.Release|x86.ActiveCfg = Release|Any CPU
		{C6CB287A-7AE9-4679-AA4B-6F6058E6E149}.Release|Xbox 360.ActiveCfg = Release|Any CPU
		{B623860D-BC26-456C-9C2F-CF61B183E42C}.Debug|Any CPU.ActiveCfg = Debug|Any CPU
		{B623860D-BC26-456C-9C2F-CF61B183E42C}.Debug|Any CPU.Build.0 = Debug|Any CPU
		{B623860D-BC26-456C-9C2F-CF61B183E42C}.Debug|Mixed Platforms.ActiveCfg = Debug|Any CPU
		{B623860D-BC26-456C-9C2F-CF61B183E42C}.Debug|Mixed Platforms.Build.0 = Debug|Any CPU
		{B623860D-BC26-456C-9C2F-CF61B183E42C}.Debug|Windows Phone.ActiveCfg = Debug|Any CPU
		{B623860D-BC26-456C-9C2F-CF61B183E42C}.Debug|x86.ActiveCfg = Debug|Any CPU
		{B623860D-BC26-456C-9C2F-CF61B183E42C}.Debug|Xbox 360.ActiveCfg = Debug|Any CPU
		{B623860D-BC26-456C-9C2F-CF61B183E42C}.Release|Any CPU.ActiveCfg = Release|Any CPU
		{B623860D-BC26-456C-9C2F-CF61B183E42C}.Release|Any CPU.Build.0 = Release|Any CPU
		{B623860D-BC26-456C-9C2F-CF61B183E42C}.Release|Mixed Platforms.ActiveCfg = Release|Any CPU
		{B623860D-BC26-456C-9C2F-CF61B183E42C}.Release|Mixed Platforms.Build.0 = Release|Any CPU
		{B623860D-BC26-456C-9C2F-CF61B183E42C}.Release|Windows Phone.ActiveCfg = Release|Any CPU
		{B623860D-BC26-456C-9C2F-CF61B183E42C}.Release|x86.ActiveCfg = Release|Any CPU
		{B623860D-BC26-456C-9C2F-CF61B183E42C}.Release|Xbox 360.ActiveCfg = Release|Any CPU
		{2D9ED280-A4B6-40BA-9409-0C89037E4902}.Debug|Any CPU.ActiveCfg = Debug|Any CPU
		{2D9ED280-A4B6-40BA-9409-0C89037E4902}.Debug|Mixed Platforms.ActiveCfg = Debug|Any CPU
		{2D9ED280-A4B6-40BA-9409-0C89037E4902}.Debug|Mixed Platforms.Build.0 = Debug|Any CPU
		{2D9ED280-A4B6-40BA-9409-0C89037E4902}.Debug|Windows Phone.ActiveCfg = Debug|Any CPU
		{2D9ED280-A4B6-40BA-9409-0C89037E4902}.Debug|x86.ActiveCfg = Debug|Any CPU
		{2D9ED280-A4B6-40BA-9409-0C89037E4902}.Debug|Xbox 360.ActiveCfg = Debug|Any CPU
		{2D9ED280-A4B6-40BA-9409-0C89037E4902}.Release|Any CPU.ActiveCfg = Release|Any CPU
		{2D9ED280-A4B6-40BA-9409-0C89037E4902}.Release|Mixed Platforms.ActiveCfg = Release|Any CPU
		{2D9ED280-A4B6-40BA-9409-0C89037E4902}.Release|Mixed Platforms.Build.0 = Release|Any CPU
		{2D9ED280-A4B6-40BA-9409-0C89037E4902}.Release|Windows Phone.ActiveCfg = Release|Any CPU
		{2D9ED280-A4B6-40BA-9409-0C89037E4902}.Release|x86.ActiveCfg = Release|Any CPU
		{2D9ED280-A4B6-40BA-9409-0C89037E4902}.Release|Xbox 360.ActiveCfg = Release|Any CPU
		{B14BF62D-8997-408F-9C4F-3C144FB1CBA9}.Debug|Any CPU.ActiveCfg = Debug|Any CPU
		{B14BF62D-8997-408F-9C4F-3C144FB1CBA9}.Debug|Any CPU.Build.0 = Debug|Any CPU
		{B14BF62D-8997-408F-9C4F-3C144FB1CBA9}.Debug|Mixed Platforms.ActiveCfg = Debug|Any CPU
		{B14BF62D-8997-408F-9C4F-3C144FB1CBA9}.Debug|Mixed Platforms.Build.0 = Debug|Any CPU
		{B14BF62D-8997-408F-9C4F-3C144FB1CBA9}.Debug|Windows Phone.ActiveCfg = Debug|Any CPU
		{B14BF62D-8997-408F-9C4F-3C144FB1CBA9}.Debug|x86.ActiveCfg = Debug|Any CPU
		{B14BF62D-8997-408F-9C4F-3C144FB1CBA9}.Debug|Xbox 360.ActiveCfg = Debug|Any CPU
		{B14BF62D-8997-408F-9C4F-3C144FB1CBA9}.Release|Any CPU.ActiveCfg = Release|Any CPU
		{B14BF62D-8997-408F-9C4F-3C144FB1CBA9}.Release|Any CPU.Build.0 = Release|Any CPU
		{B14BF62D-8997-408F-9C4F-3C144FB1CBA9}.Release|Mixed Platforms.ActiveCfg = Release|Any CPU
		{B14BF62D-8997-408F-9C4F-3C144FB1CBA9}.Release|Mixed Platforms.Build.0 = Release|Any CPU
		{B14BF62D-8997-408F-9C4F-3C144FB1CBA9}.Release|Windows Phone.ActiveCfg = Release|Any CPU
		{B14BF62D-8997-408F-9C4F-3C144FB1CBA9}.Release|x86.ActiveCfg = Release|Any CPU
		{B14BF62D-8997-408F-9C4F-3C144FB1CBA9}.Release|Xbox 360.ActiveCfg = Release|Any CPU
		{8C9ECE83-EB30-42F6-9B73-8D0CD77DC8AE}.Debug|Any CPU.ActiveCfg = Debug|Windows Phone
		{8C9ECE83-EB30-42F6-9B73-8D0CD77DC8AE}.Debug|Mixed Platforms.ActiveCfg = Debug|Windows Phone
		{8C9ECE83-EB30-42F6-9B73-8D0CD77DC8AE}.Debug|Mixed Platforms.Build.0 = Debug|Windows Phone
		{8C9ECE83-EB30-42F6-9B73-8D0CD77DC8AE}.Debug|Windows Phone.ActiveCfg = Debug|Windows Phone
		{8C9ECE83-EB30-42F6-9B73-8D0CD77DC8AE}.Debug|Windows Phone.Build.0 = Debug|Windows Phone
		{8C9ECE83-EB30-42F6-9B73-8D0CD77DC8AE}.Debug|x86.ActiveCfg = Debug|Windows Phone
		{8C9ECE83-EB30-42F6-9B73-8D0CD77DC8AE}.Debug|Xbox 360.ActiveCfg = Debug|Windows Phone
		{8C9ECE83-EB30-42F6-9B73-8D0CD77DC8AE}.Debug|Xbox 360.Build.0 = Debug|Windows Phone
		{8C9ECE83-EB30-42F6-9B73-8D0CD77DC8AE}.Release|Any CPU.ActiveCfg = Release|Windows Phone
		{8C9ECE83-EB30-42F6-9B73-8D0CD77DC8AE}.Release|Mixed Platforms.ActiveCfg = Release|Windows Phone
		{8C9ECE83-EB30-42F6-9B73-8D0CD77DC8AE}.Release|Mixed Platforms.Build.0 = Release|Windows Phone
		{8C9ECE83-EB30-42F6-9B73-8D0CD77DC8AE}.Release|Windows Phone.ActiveCfg = Release|Windows Phone
		{8C9ECE83-EB30-42F6-9B73-8D0CD77DC8AE}.Release|Windows Phone.Build.0 = Release|Windows Phone
		{8C9ECE83-EB30-42F6-9B73-8D0CD77DC8AE}.Release|x86.ActiveCfg = Release|Windows Phone
		{8C9ECE83-EB30-42F6-9B73-8D0CD77DC8AE}.Release|Xbox 360.ActiveCfg = Release|Windows Phone
		{8C9ECE83-EB30-42F6-9B73-8D0CD77DC8AE}.Release|Xbox 360.Build.0 = Release|Windows Phone
		{50137903-4C83-4006-A960-72A7FC5E62F3}.Debug|Any CPU.ActiveCfg = Debug|Windows Phone
		{50137903-4C83-4006-A960-72A7FC5E62F3}.Debug|Mixed Platforms.ActiveCfg = Debug|Windows Phone
		{50137903-4C83-4006-A960-72A7FC5E62F3}.Debug|Mixed Platforms.Build.0 = Debug|Windows Phone
		{50137903-4C83-4006-A960-72A7FC5E62F3}.Debug|Mixed Platforms.Deploy.0 = Debug|Windows Phone
		{50137903-4C83-4006-A960-72A7FC5E62F3}.Debug|Windows Phone.ActiveCfg = Debug|Windows Phone
		{50137903-4C83-4006-A960-72A7FC5E62F3}.Debug|Windows Phone.Build.0 = Debug|Windows Phone
		{50137903-4C83-4006-A960-72A7FC5E62F3}.Debug|Windows Phone.Deploy.0 = Debug|Windows Phone
		{50137903-4C83-4006-A960-72A7FC5E62F3}.Debug|x86.ActiveCfg = Debug|Windows Phone
		{50137903-4C83-4006-A960-72A7FC5E62F3}.Debug|Xbox 360.ActiveCfg = Debug|Windows Phone
		{50137903-4C83-4006-A960-72A7FC5E62F3}.Debug|Xbox 360.Build.0 = Debug|Windows Phone
		{50137903-4C83-4006-A960-72A7FC5E62F3}.Release|Any CPU.ActiveCfg = Release|Windows Phone
		{50137903-4C83-4006-A960-72A7FC5E62F3}.Release|Mixed Platforms.ActiveCfg = Release|Windows Phone
		{50137903-4C83-4006-A960-72A7FC5E62F3}.Release|Mixed Platforms.Build.0 = Release|Windows Phone
		{50137903-4C83-4006-A960-72A7FC5E62F3}.Release|Mixed Platforms.Deploy.0 = Release|Windows Phone
		{50137903-4C83-4006-A960-72A7FC5E62F3}.Release|Windows Phone.ActiveCfg = Release|Windows Phone
		{50137903-4C83-4006-A960-72A7FC5E62F3}.Release|Windows Phone.Build.0 = Release|Windows Phone
		{50137903-4C83-4006-A960-72A7FC5E62F3}.Release|Windows Phone.Deploy.0 = Release|Windows Phone
		{50137903-4C83-4006-A960-72A7FC5E62F3}.Release|x86.ActiveCfg = Release|Windows Phone
		{50137903-4C83-4006-A960-72A7FC5E62F3}.Release|Xbox 360.ActiveCfg = Release|Windows Phone
		{50137903-4C83-4006-A960-72A7FC5E62F3}.Release|Xbox 360.Build.0 = Release|Windows Phone
		{ABA387D4-28A4-49D8-B9AE-CF1272B8BA28}.Debug|Any CPU.ActiveCfg = Debug|Windows Phone
		{ABA387D4-28A4-49D8-B9AE-CF1272B8BA28}.Debug|Mixed Platforms.ActiveCfg = Debug|Windows Phone
		{ABA387D4-28A4-49D8-B9AE-CF1272B8BA28}.Debug|Windows Phone.ActiveCfg = Debug|Windows Phone
		{ABA387D4-28A4-49D8-B9AE-CF1272B8BA28}.Debug|x86.ActiveCfg = Debug|Windows Phone
		{ABA387D4-28A4-49D8-B9AE-CF1272B8BA28}.Debug|Xbox 360.ActiveCfg = Debug|Windows Phone
		{ABA387D4-28A4-49D8-B9AE-CF1272B8BA28}.Release|Any CPU.ActiveCfg = Release|Windows Phone
		{ABA387D4-28A4-49D8-B9AE-CF1272B8BA28}.Release|Mixed Platforms.ActiveCfg = Release|Windows Phone
		{ABA387D4-28A4-49D8-B9AE-CF1272B8BA28}.Release|Windows Phone.ActiveCfg = Release|Windows Phone
		{ABA387D4-28A4-49D8-B9AE-CF1272B8BA28}.Release|x86.ActiveCfg = Release|Windows Phone
		{ABA387D4-28A4-49D8-B9AE-CF1272B8BA28}.Release|Xbox 360.ActiveCfg = Release|Windows Phone
		{3BE3FC3D-FCC2-45F5-BC44-FD5F1A1B188D}.Debug|Any CPU.ActiveCfg = Debug|x86
		{3BE3FC3D-FCC2-45F5-BC44-FD5F1A1B188D}.Debug|Mixed Platforms.ActiveCfg = Debug|x86
		{3BE3FC3D-FCC2-45F5-BC44-FD5F1A1B188D}.Debug|Mixed Platforms.Build.0 = Debug|x86
		{3BE3FC3D-FCC2-45F5-BC44-FD5F1A1B188D}.Debug|Windows Phone.ActiveCfg = Debug|x86
		{3BE3FC3D-FCC2-45F5-BC44-FD5F1A1B188D}.Debug|x86.ActiveCfg = Debug|x86
		{3BE3FC3D-FCC2-45F5-BC44-FD5F1A1B188D}.Debug|x86.Build.0 = Debug|x86
		{3BE3FC3D-FCC2-45F5-BC44-FD5F1A1B188D}.Debug|Xbox 360.ActiveCfg = Debug|x86
		{3BE3FC3D-FCC2-45F5-BC44-FD5F1A1B188D}.Debug|Xbox 360.Build.0 = Debug|x86
		{3BE3FC3D-FCC2-45F5-BC44-FD5F1A1B188D}.Release|Any CPU.ActiveCfg = Release|x86
		{3BE3FC3D-FCC2-45F5-BC44-FD5F1A1B188D}.Release|Mixed Platforms.ActiveCfg = Release|x86
		{3BE3FC3D-FCC2-45F5-BC44-FD5F1A1B188D}.Release|Mixed Platforms.Build.0 = Release|x86
		{3BE3FC3D-FCC2-45F5-BC44-FD5F1A1B188D}.Release|Windows Phone.ActiveCfg = Release|x86
		{3BE3FC3D-FCC2-45F5-BC44-FD5F1A1B188D}.Release|x86.ActiveCfg = Release|x86
		{3BE3FC3D-FCC2-45F5-BC44-FD5F1A1B188D}.Release|x86.Build.0 = Release|x86
		{3BE3FC3D-FCC2-45F5-BC44-FD5F1A1B188D}.Release|Xbox 360.ActiveCfg = Release|x86
		{3BE3FC3D-FCC2-45F5-BC44-FD5F1A1B188D}.Release|Xbox 360.Build.0 = Release|x86
		{EDEFDC62-4C48-4E66-8C60-810630E1C2BC}.Debug|Any CPU.ActiveCfg = Debug|x86
		{EDEFDC62-4C48-4E66-8C60-810630E1C2BC}.Debug|Mixed Platforms.ActiveCfg = Debug|x86
		{EDEFDC62-4C48-4E66-8C60-810630E1C2BC}.Debug|Mixed Platforms.Build.0 = Debug|x86
		{EDEFDC62-4C48-4E66-8C60-810630E1C2BC}.Debug|Windows Phone.ActiveCfg = Debug|x86
		{EDEFDC62-4C48-4E66-8C60-810630E1C2BC}.Debug|x86.ActiveCfg = Debug|x86
		{EDEFDC62-4C48-4E66-8C60-810630E1C2BC}.Debug|x86.Build.0 = Debug|x86
		{EDEFDC62-4C48-4E66-8C60-810630E1C2BC}.Debug|Xbox 360.ActiveCfg = Debug|x86
		{EDEFDC62-4C48-4E66-8C60-810630E1C2BC}.Debug|Xbox 360.Build.0 = Debug|x86
		{EDEFDC62-4C48-4E66-8C60-810630E1C2BC}.Release|Any CPU.ActiveCfg = Release|x86
		{EDEFDC62-4C48-4E66-8C60-810630E1C2BC}.Release|Mixed Platforms.ActiveCfg = Release|x86
		{EDEFDC62-4C48-4E66-8C60-810630E1C2BC}.Release|Mixed Platforms.Build.0 = Release|x86
		{EDEFDC62-4C48-4E66-8C60-810630E1C2BC}.Release|Windows Phone.ActiveCfg = Release|x86
		{EDEFDC62-4C48-4E66-8C60-810630E1C2BC}.Release|x86.ActiveCfg = Release|x86
		{EDEFDC62-4C48-4E66-8C60-810630E1C2BC}.Release|x86.Build.0 = Release|x86
		{EDEFDC62-4C48-4E66-8C60-810630E1C2BC}.Release|Xbox 360.ActiveCfg = Release|x86
		{EDEFDC62-4C48-4E66-8C60-810630E1C2BC}.Release|Xbox 360.Build.0 = Release|x86
		{2E888744-AE47-4A9C-89E5-43D237DF3D45}.Debug|Any CPU.ActiveCfg = Debug|Xbox 360
		{2E888744-AE47-4A9C-89E5-43D237DF3D45}.Debug|Mixed Platforms.ActiveCfg = Debug|Xbox 360
		{2E888744-AE47-4A9C-89E5-43D237DF3D45}.Debug|Mixed Platforms.Build.0 = Debug|Xbox 360
		{2E888744-AE47-4A9C-89E5-43D237DF3D45}.Debug|Windows Phone.ActiveCfg = Debug|Xbox 360
		{2E888744-AE47-4A9C-89E5-43D237DF3D45}.Debug|x86.ActiveCfg = Debug|Xbox 360
		{2E888744-AE47-4A9C-89E5-43D237DF3D45}.Debug|Xbox 360.ActiveCfg = Debug|Xbox 360
		{2E888744-AE47-4A9C-89E5-43D237DF3D45}.Debug|Xbox 360.Build.0 = Debug|Xbox 360
		{2E888744-AE47-4A9C-89E5-43D237DF3D45}.Release|Any CPU.ActiveCfg = Release|Xbox 360
		{2E888744-AE47-4A9C-89E5-43D237DF3D45}.Release|Mixed Platforms.ActiveCfg = Release|Xbox 360
		{2E888744-AE47-4A9C-89E5-43D237DF3D45}.Release|Mixed Platforms.Build.0 = Release|Xbox 360
		{2E888744-AE47-4A9C-89E5-43D237DF3D45}.Release|Windows Phone.ActiveCfg = Release|Xbox 360
		{2E888744-AE47-4A9C-89E5-43D237DF3D45}.Release|x86.ActiveCfg = Release|Xbox 360
		{2E888744-AE47-4A9C-89E5-43D237DF3D45}.Release|Xbox 360.ActiveCfg = Release|Xbox 360
		{2E888744-AE47-4A9C-89E5-43D237DF3D45}.Release|Xbox 360.Build.0 = Release|Xbox 360
		{BEC3B05C-328F-4ACC-BD3D-368111DCBF75}.Debug|Any CPU.ActiveCfg = Debug|Xbox 360
		{BEC3B05C-328F-4ACC-BD3D-368111DCBF75}.Debug|Mixed Platforms.ActiveCfg = Debug|Xbox 360
		{BEC3B05C-328F-4ACC-BD3D-368111DCBF75}.Debug|Mixed Platforms.Build.0 = Debug|Xbox 360
		{BEC3B05C-328F-4ACC-BD3D-368111DCBF75}.Debug|Mixed Platforms.Deploy.0 = Debug|Xbox 360
		{BEC3B05C-328F-4ACC-BD3D-368111DCBF75}.Debug|Windows Phone.ActiveCfg = Debug|Xbox 360
		{BEC3B05C-328F-4ACC-BD3D-368111DCBF75}.Debug|x86.ActiveCfg = Debug|Xbox 360
		{BEC3B05C-328F-4ACC-BD3D-368111DCBF75}.Debug|Xbox 360.ActiveCfg = Debug|Xbox 360
		{BEC3B05C-328F-4ACC-BD3D-368111DCBF75}.Debug|Xbox 360.Build.0 = Debug|Xbox 360
		{BEC3B05C-328F-4ACC-BD3D-368111DCBF75}.Debug|Xbox 360.Deploy.0 = Debug|Xbox 360
		{BEC3B05C-328F-4ACC-BD3D-368111DCBF75}.Release|Any CPU.ActiveCfg = Release|Xbox 360
		{BEC3B05C-328F-4ACC-BD3D-368111DCBF75}.Release|Mixed Platforms.ActiveCfg = Release|Xbox 360
		{BEC3B05C-328F-4ACC-BD3D-368111DCBF75}.Release|Mixed Platforms.Build.0 = Release|Xbox 360
		{BEC3B05C-328F-4ACC-BD3D-368111DCBF75}.Release|Mixed Platforms.Deploy.0 = Release|Xbox 360
		{BEC3B05C-328F-4ACC-BD3D-368111DCBF75}.Release|Windows Phone.ActiveCfg = Release|Xbox 360
		{BEC3B05C-328F-4ACC-BD3D-368111DCBF75}.Release|x86.ActiveCfg = Release|Xbox 360
		{BEC3B05C-328F-4ACC-BD3D-368111DCBF75}.Release|Xbox 360.ActiveCfg = Release|Xbox 360
		{BEC3B05C-328F-4ACC-BD3D-368111DCBF75}.Release|Xbox 360.Build.0 = Release|Xbox 360
		{BEC3B05C-328F-4ACC-BD3D-368111DCBF75}.Release|Xbox 360.Deploy.0 = Release|Xbox 360
	EndGlobalSection
	GlobalSection(SolutionProperties) = preSolution
		HideSolutionNode = FALSE
	EndGlobalSection
	GlobalSection(NestedProjects) = preSolution
		{478B570E-398F-459B-AE2B-CBBE8FC0A7DF} = {413F86C2-FFAE-4350-9620-CF11B08AE760}
		{F2A8BDDB-58EF-41CB-9325-5EBB3DCAD7A7} = {413F86C2-FFAE-4350-9620-CF11B08AE760}
		{B623860D-BC26-456C-9C2F-CF61B183E42C} = {413F86C2-FFAE-4350-9620-CF11B08AE760}
		{AC98CBA6-B2DA-402C-8C4E-777072BAE569} = {413F86C2-FFAE-4350-9620-CF11B08AE760}
		{EE4D9762-1BC8-4519-BCDD-64B9168B9E14} = {7D0E2542-C99A-4550-8D8E-03AA33BBC78B}
		{C6CB287A-7AE9-4679-AA4B-6F6058E6E149} = {7D0E2542-C99A-4550-8D8E-03AA33BBC78B}
		{B14BF62D-8997-408F-9C4F-3C144FB1CBA9} = {7D0E2542-C99A-4550-8D8E-03AA33BBC78B}
		{0281A8AE-5205-4888-B6BE-B06A64564B97} = {7D0E2542-C99A-4550-8D8E-03AA33BBC78B}
		{9110E5F1-D3C2-47CB-95F9-EF500AFA5B97} = {DF0DF676-14FB-49FE-A122-B337233325D9}
		{F8C73559-6364-4300-B1DE-0C72E9478389} = {DF0DF676-14FB-49FE-A122-B337233325D9}
		{37500BC5-6233-496B-8625-1587A5ADA367} = {DF0DF676-14FB-49FE-A122-B337233325D9}
		{ABA387D4-28A4-49D8-B9AE-CF1272B8BA28} = {DF0DF676-14FB-49FE-A122-B337233325D9}
		{2E888744-AE47-4A9C-89E5-43D237DF3D45} = {9110E5F1-D3C2-47CB-95F9-EF500AFA5B97}
		{BEC3B05C-328F-4ACC-BD3D-368111DCBF75} = {9110E5F1-D3C2-47CB-95F9-EF500AFA5B97}
		{8C9ECE83-EB30-42F6-9B73-8D0CD77DC8AE} = {F8C73559-6364-4300-B1DE-0C72E9478389}
		{50137903-4C83-4006-A960-72A7FC5E62F3} = {F8C73559-6364-4300-B1DE-0C72E9478389}
		{3BE3FC3D-FCC2-45F5-BC44-FD5F1A1B188D} = {37500BC5-6233-496B-8625-1587A5ADA367}
		{EDEFDC62-4C48-4E66-8C60-810630E1C2BC} = {37500BC5-6233-496B-8625-1587A5ADA367}
	EndGlobalSection
EndGlobal
